PODS:
  - Alamofire (4.3.0)
  - Auk (7.0.1):
    - moa
  - Kingfisher (3.3.1)
  - moa (8.0.2)
  - PagingMenuController (2.2.0)
  - SKPhotoBrowser (4.0.1)

DEPENDENCIES:
  - Alamofire
  - Auk
  - Kingfisher
  - moa
  - PagingMenuController
  - SKPhotoBrowser

SPEC CHECKSUMS:
  Alamofire: 856a113053a7bc9cbe5d6367a555d773fc5cfef7
  Auk: 6f8c4e93427d0d02641263776dd3b66ae4050903
  Kingfisher: 4d943445768c60fe5de314619a8ab07ec761ae5b
  moa: 73d2dd56fe838a31e255c64b7873d2c2fbc71076
  PagingMenuController: 6176618987bb170096664f2da097313e45ed9c31
  SKPhotoBrowser: 3a7c6fc02aa1620ab17253a47a49fafda46536e8

PODFILE CHECKSUM: 7d3776047a822557368845152dbe61d58578419a

COCOAPODS: 1.1.1
