// !$*UTF8*$!
{
	archiveVersion = 1;
	classes = {
	};
	objectVersion = 46;
	objects = {

/* Begin PBXBuildFile section */
		3C15F9361D45523E00BCC053 /* ShoppingCartCell.swift in Sources */ = {isa = PBXBuildFile; fileRef = 3C15F9351D45523E00BCC053 /* ShoppingCartCell.swift */; };
		3C15F9391D456D4000BCC053 /* CustomSideMenuViewController.swift in Sources */ = {isa = PBXBuildFile; fileRef = 3C15F9381D456D4000BCC053 /* CustomSideMenuViewController.swift */; };
		3C68FDFB1D484A4900D0609F /* AddProductModalViewController.swift in Sources */ = {isa = PBXBuildFile; fileRef = 3C68FDFA1D484A4900D0609F /* AddProductModalViewController.swift */; };
		3C6A48AD1D5BD2A4006FB3E4 /* Product.swift in Sources */ = {isa = PBXBuildFile; fileRef = 3C6A48AC1D5BD2A4006FB3E4 /* Product.swift */; };
		3C9D321A1D5E53520099BC50 /* Singleton.swift in Sources */ = {isa = PBXBuildFile; fileRef = 3C9D32191D5E53520099BC50 /* Singleton.swift */; };
		3C9D321C1D5E58430099BC50 /* User.swift in Sources */ = {isa = PBXBuildFile; fileRef = 3C9D321B1D5E58430099BC50 /* User.swift */; };
		3CA281301D403A6C00229F00 /* ShoppingCartViewController.swift in Sources */ = {isa = PBXBuildFile; fileRef = 3CA2812F1D403A6C00229F00 /* ShoppingCartViewController.swift */; };
		3CA7FF441D3D5CB400364671 /* SearchResultsCell.swift in Sources */ = {isa = PBXBuildFile; fileRef = 3CA7FF431D3D5CB400364671 /* SearchResultsCell.swift */; };
		3CB72D561D5D22230012FAA4 /* CustomizePopup.swift in Sources */ = {isa = PBXBuildFile; fileRef = 3CB72D551D5D22230012FAA4 /* CustomizePopup.swift */; };
		3CBD9F9D1D61429300C2FEE2 /* Constants.swift in Sources */ = {isa = PBXBuildFile; fileRef = 3CBD9F9C1D61429300C2FEE2 /* Constants.swift */; };
		3CDA179E1D5ED6EE00A4F57C /* SideMenuViewController.swift in Sources */ = {isa = PBXBuildFile; fileRef = 3CDA179D1D5ED6EE00A4F57C /* SideMenuViewController.swift */; };
		3CE599CD1D3D600200372AF7 /* SearchResultsTableViewController.swift in Sources */ = {isa = PBXBuildFile; fileRef = 3CE599CC1D3D600200372AF7 /* SearchResultsTableViewController.swift */; };
		900EB69F1D46990D00122DB9 /* ProductDetailViewController.swift in Sources */ = {isa = PBXBuildFile; fileRef = 900EB69E1D46990D00122DB9 /* ProductDetailViewController.swift */; };
		901AD9B51D5EF06B0000FCE5 /* UIExtensions.swift in Sources */ = {isa = PBXBuildFile; fileRef = 901AD9B41D5EF06B0000FCE5 /* UIExtensions.swift */; };
		901AD9B71D5FBEE50000FCE5 /* MenuCellTableViewCell.swift in Sources */ = {isa = PBXBuildFile; fileRef = 901AD9B61D5FBEE50000FCE5 /* MenuCellTableViewCell.swift */; };
		901AD9B91D6038E10000FCE5 /* LoadingViewController.swift in Sources */ = {isa = PBXBuildFile; fileRef = 901AD9B81D6038E10000FCE5 /* LoadingViewController.swift */; };
		901AD9BB1D603CC40000FCE5 /* AnimationKit.swift in Sources */ = {isa = PBXBuildFile; fileRef = 901AD9BA1D603CC40000FCE5 /* AnimationKit.swift */; };
		906287DC1D4A8DD8007C6D86 /* videoSelect.xib in Resources */ = {isa = PBXBuildFile; fileRef = 906287DB1D4A8DD8007C6D86 /* videoSelect.xib */; };
		906287DE1D4A8DF5007C6D86 /* aboutSelect.xib in Resources */ = {isa = PBXBuildFile; fileRef = 906287DD1D4A8DF5007C6D86 /* aboutSelect.xib */; };
		907256231D397EF200C46A8B /* AppDelegate.swift in Sources */ = {isa = PBXBuildFile; fileRef = 907256221D397EF200C46A8B /* AppDelegate.swift */; };
		907256251D397EF200C46A8B /* LoginVC.swift in Sources */ = {isa = PBXBuildFile; fileRef = 907256241D397EF200C46A8B /* LoginVC.swift */; };
		907256281D397EF200C46A8B /* Main.storyboard in Resources */ = {isa = PBXBuildFile; fileRef = 907256261D397EF200C46A8B /* Main.storyboard */; };
		9072562A1D397EF200C46A8B /* Assets.xcassets in Resources */ = {isa = PBXBuildFile; fileRef = 907256291D397EF200C46A8B /* Assets.xcassets */; };
		9072562D1D397EF200C46A8B /* LaunchScreen.storyboard in Resources */ = {isa = PBXBuildFile; fileRef = 9072562B1D397EF200C46A8B /* LaunchScreen.storyboard */; };
		907256381D397EF200C46A8B /* AnniePartsTests.swift in Sources */ = {isa = PBXBuildFile; fileRef = 907256371D397EF200C46A8B /* AnniePartsTests.swift */; };
		907256431D397EF200C46A8B /* AnniePartsUITests.swift in Sources */ = {isa = PBXBuildFile; fileRef = 907256421D397EF200C46A8B /* AnniePartsUITests.swift */; };
		9075AA151D531F7E004272F4 /* DataHandler.swift in Sources */ = {isa = PBXBuildFile; fileRef = 9075AA141D531F7E004272F4 /* DataHandler.swift */; };
		9075AA171D5324D1004272F4 /* SearchOptionsCell.xib in Resources */ = {isa = PBXBuildFile; fileRef = 9075AA161D5324D1004272F4 /* SearchOptionsCell.xib */; };
		9075AA191D5325EA004272F4 /* SearchOptionsCell.swift in Sources */ = {isa = PBXBuildFile; fileRef = 9075AA181D5325EA004272F4 /* SearchOptionsCell.swift */; };
		9087E6691D4C284000FCF09B /* aboutSelectView.swift in Sources */ = {isa = PBXBuildFile; fileRef = 9087E6681D4C284000FCF09B /* aboutSelectView.swift */; };
		90898C7E1D47DD1900719F20 /* Montserrat-ExtraBold.otf in Resources */ = {isa = PBXBuildFile; fileRef = 90898C761D47DD1900719F20 /* Montserrat-ExtraBold.otf */; };
		90898C7F1D47DD1900719F20 /* Montserrat-SemiBold.otf in Resources */ = {isa = PBXBuildFile; fileRef = 90898C771D47DD1900719F20 /* Montserrat-SemiBold.otf */; };
		90898C801D47DD1900719F20 /* Montserrat-UltraLight.otf in Resources */ = {isa = PBXBuildFile; fileRef = 90898C781D47DD1900719F20 /* Montserrat-UltraLight.otf */; };
		90898C811D47DD1900719F20 /* Montserrat-Bold.otf in Resources */ = {isa = PBXBuildFile; fileRef = 90898C791D47DD1900719F20 /* Montserrat-Bold.otf */; };
		90898C821D47DD1900719F20 /* Montserrat-Regular.otf in Resources */ = {isa = PBXBuildFile; fileRef = 90898C7A1D47DD1900719F20 /* Montserrat-Regular.otf */; };
		90898C831D47DD1900719F20 /* Montserrat-Black.otf in Resources */ = {isa = PBXBuildFile; fileRef = 90898C7B1D47DD1900719F20 /* Montserrat-Black.otf */; };
		90898C841D47DD1900719F20 /* Montserrat-Light.otf in Resources */ = {isa = PBXBuildFile; fileRef = 90898C7C1D47DD1900719F20 /* Montserrat-Light.otf */; };
		90898C851D47DD1900719F20 /* Montserrat-Hairline.otf in Resources */ = {isa = PBXBuildFile; fileRef = 90898C7D1D47DD1900719F20 /* Montserrat-Hairline.otf */; };
		90EA321F1D3E989E0066B281 /* SelectorTableViewCell.swift in Sources */ = {isa = PBXBuildFile; fileRef = 90EA321E1D3E989E0066B281 /* SelectorTableViewCell.swift */; };
		90EA32221D3F20850066B281 /* SearchOptionsVC.swift in Sources */ = {isa = PBXBuildFile; fileRef = 90EA32211D3F20850066B281 /* SearchOptionsVC.swift */; };
		90EA32241D3F253A0066B281 /* SearchByData.swift in Sources */ = {isa = PBXBuildFile; fileRef = 90EA32231D3F253A0066B281 /* SearchByData.swift */; };
		B6826AF5B63E17B7B69AE794 /* Pods.framework in Frameworks */ = {isa = PBXBuildFile; fileRef = 8633511A252739FC04D09AD0 /* Pods.framework */; };
/* End PBXBuildFile section */

/* Begin PBXContainerItemProxy section */
		907256341D397EF200C46A8B /* PBXContainerItemProxy */ = {
			isa = PBXContainerItemProxy;
			containerPortal = 907256171D397EF200C46A8B /* Project object */;
			proxyType = 1;
			remoteGlobalIDString = 9072561E1D397EF200C46A8B;
			remoteInfo = AnnieParts;
		};
		9072563F1D397EF200C46A8B /* PBXContainerItemProxy */ = {
			isa = PBXContainerItemProxy;
			containerPortal = 907256171D397EF200C46A8B /* Project object */;
			proxyType = 1;
			remoteGlobalIDString = 9072561E1D397EF200C46A8B;
			remoteInfo = AnnieParts;
		};
/* End PBXContainerItemProxy section */

/* Begin PBXFileReference section */
		38E5935BB870C91E5307CD8C /* Pods.debug.xcconfig */ = {isa = PBXFileReference; includeInIndex = 1; lastKnownFileType = text.xcconfig; name = Pods.debug.xcconfig; path = "Pods/Target Support Files/Pods/Pods.debug.xcconfig"; sourceTree = "<group>"; };
		3C15F9351D45523E00BCC053 /* ShoppingCartCell.swift */ = {isa = PBXFileReference; fileEncoding = 4; lastKnownFileType = sourcecode.swift; path = ShoppingCartCell.swift; sourceTree = "<group>"; };
		3C15F9381D456D4000BCC053 /* CustomSideMenuViewController.swift */ = {isa = PBXFileReference; fileEncoding = 4; lastKnownFileType = sourcecode.swift; path = CustomSideMenuViewController.swift; sourceTree = "<group>"; };
		3C68FDFA1D484A4900D0609F /* AddProductModalViewController.swift */ = {isa = PBXFileReference; fileEncoding = 4; lastKnownFileType = sourcecode.swift; path = AddProductModalViewController.swift; sourceTree = "<group>"; };
		3C6A48AC1D5BD2A4006FB3E4 /* Product.swift */ = {isa = PBXFileReference; fileEncoding = 4; lastKnownFileType = sourcecode.swift; path = Product.swift; sourceTree = "<group>"; };
		3C9D32191D5E53520099BC50 /* Singleton.swift */ = {isa = PBXFileReference; fileEncoding = 4; lastKnownFileType = sourcecode.swift; path = Singleton.swift; sourceTree = "<group>"; };
		3C9D321B1D5E58430099BC50 /* User.swift */ = {isa = PBXFileReference; fileEncoding = 4; lastKnownFileType = sourcecode.swift; path = User.swift; sourceTree = "<group>"; };
		3CA2812F1D403A6C00229F00 /* ShoppingCartViewController.swift */ = {isa = PBXFileReference; fileEncoding = 4; lastKnownFileType = sourcecode.swift; path = ShoppingCartViewController.swift; sourceTree = "<group>"; };
		3CA7FF431D3D5CB400364671 /* SearchResultsCell.swift */ = {isa = PBXFileReference; fileEncoding = 4; lastKnownFileType = sourcecode.swift; path = SearchResultsCell.swift; sourceTree = "<group>"; };
		3CB72D551D5D22230012FAA4 /* CustomizePopup.swift */ = {isa = PBXFileReference; fileEncoding = 4; lastKnownFileType = sourcecode.swift; path = CustomizePopup.swift; sourceTree = "<group>"; };
		3CBD9F9C1D61429300C2FEE2 /* Constants.swift */ = {isa = PBXFileReference; fileEncoding = 4; lastKnownFileType = sourcecode.swift; path = Constants.swift; sourceTree = "<group>"; };
		3CDA179D1D5ED6EE00A4F57C /* SideMenuViewController.swift */ = {isa = PBXFileReference; fileEncoding = 4; lastKnownFileType = sourcecode.swift; path = SideMenuViewController.swift; sourceTree = "<group>"; };
		3CE599CC1D3D600200372AF7 /* SearchResultsTableViewController.swift */ = {isa = PBXFileReference; fileEncoding = 4; lastKnownFileType = sourcecode.swift; path = SearchResultsTableViewController.swift; sourceTree = "<group>"; };
		8633511A252739FC04D09AD0 /* Pods.framework */ = {isa = PBXFileReference; explicitFileType = wrapper.framework; includeInIndex = 0; path = Pods.framework; sourceTree = BUILT_PRODUCTS_DIR; };
		900EB69E1D46990D00122DB9 /* ProductDetailViewController.swift */ = {isa = PBXFileReference; fileEncoding = 4; lastKnownFileType = sourcecode.swift; path = ProductDetailViewController.swift; sourceTree = "<group>"; };
		901AD9B41D5EF06B0000FCE5 /* UIExtensions.swift */ = {isa = PBXFileReference; fileEncoding = 4; lastKnownFileType = sourcecode.swift; path = UIExtensions.swift; sourceTree = "<group>"; };
		901AD9B61D5FBEE50000FCE5 /* MenuCellTableViewCell.swift */ = {isa = PBXFileReference; fileEncoding = 4; lastKnownFileType = sourcecode.swift; path = MenuCellTableViewCell.swift; sourceTree = "<group>"; };
		901AD9B81D6038E10000FCE5 /* LoadingViewController.swift */ = {isa = PBXFileReference; fileEncoding = 4; lastKnownFileType = sourcecode.swift; path = LoadingViewController.swift; sourceTree = "<group>"; };
		901AD9BA1D603CC40000FCE5 /* AnimationKit.swift */ = {isa = PBXFileReference; fileEncoding = 4; lastKnownFileType = sourcecode.swift; path = AnimationKit.swift; sourceTree = "<group>"; };
		906287DB1D4A8DD8007C6D86 /* videoSelect.xib */ = {isa = PBXFileReference; fileEncoding = 4; lastKnownFileType = file.xib; name = videoSelect.xib; path = XIB/videoSelect.xib; sourceTree = "<group>"; };
		906287DD1D4A8DF5007C6D86 /* aboutSelect.xib */ = {isa = PBXFileReference; fileEncoding = 4; lastKnownFileType = file.xib; name = aboutSelect.xib; path = XIB/aboutSelect.xib; sourceTree = "<group>"; };
		9072561F1D397EF200C46A8B /* AnnieParts.app */ = {isa = PBXFileReference; explicitFileType = wrapper.application; includeInIndex = 0; path = AnnieParts.app; sourceTree = BUILT_PRODUCTS_DIR; };
		907256221D397EF200C46A8B /* AppDelegate.swift */ = {isa = PBXFileReference; lastKnownFileType = sourcecode.swift; path = AppDelegate.swift; sourceTree = "<group>"; };
		907256241D397EF200C46A8B /* LoginVC.swift */ = {isa = PBXFileReference; lastKnownFileType = sourcecode.swift; path = LoginVC.swift; sourceTree = "<group>"; };
		907256271D397EF200C46A8B /* Base */ = {isa = PBXFileReference; lastKnownFileType = file.storyboard; name = Base; path = Base.lproj/Main.storyboard; sourceTree = "<group>"; };
		907256291D397EF200C46A8B /* Assets.xcassets */ = {isa = PBXFileReference; lastKnownFileType = folder.assetcatalog; path = Assets.xcassets; sourceTree = "<group>"; };
		9072562C1D397EF200C46A8B /* Base */ = {isa = PBXFileReference; lastKnownFileType = file.storyboard; name = Base; path = Base.lproj/LaunchScreen.storyboard; sourceTree = "<group>"; };
		9072562E1D397EF200C46A8B /* Info.plist */ = {isa = PBXFileReference; lastKnownFileType = text.plist.xml; path = Info.plist; sourceTree = "<group>"; };
		907256331D397EF200C46A8B /* AnniePartsTests.xctest */ = {isa = PBXFileReference; explicitFileType = wrapper.cfbundle; includeInIndex = 0; path = AnniePartsTests.xctest; sourceTree = BUILT_PRODUCTS_DIR; };
		907256371D397EF200C46A8B /* AnniePartsTests.swift */ = {isa = PBXFileReference; lastKnownFileType = sourcecode.swift; path = AnniePartsTests.swift; sourceTree = "<group>"; };
		907256391D397EF200C46A8B /* Info.plist */ = {isa = PBXFileReference; lastKnownFileType = text.plist.xml; path = Info.plist; sourceTree = "<group>"; };
		9072563E1D397EF200C46A8B /* AnniePartsUITests.xctest */ = {isa = PBXFileReference; explicitFileType = wrapper.cfbundle; includeInIndex = 0; path = AnniePartsUITests.xctest; sourceTree = BUILT_PRODUCTS_DIR; };
		907256421D397EF200C46A8B /* AnniePartsUITests.swift */ = {isa = PBXFileReference; lastKnownFileType = sourcecode.swift; path = AnniePartsUITests.swift; sourceTree = "<group>"; };
		907256441D397EF200C46A8B /* Info.plist */ = {isa = PBXFileReference; lastKnownFileType = text.plist.xml; path = Info.plist; sourceTree = "<group>"; };
		9075AA141D531F7E004272F4 /* DataHandler.swift */ = {isa = PBXFileReference; fileEncoding = 4; lastKnownFileType = sourcecode.swift; path = DataHandler.swift; sourceTree = "<group>"; };
		9075AA161D5324D1004272F4 /* SearchOptionsCell.xib */ = {isa = PBXFileReference; fileEncoding = 4; lastKnownFileType = file.xib; name = SearchOptionsCell.xib; path = XIB/SearchOptionsCell.xib; sourceTree = "<group>"; };
		9075AA181D5325EA004272F4 /* SearchOptionsCell.swift */ = {isa = PBXFileReference; fileEncoding = 4; lastKnownFileType = sourcecode.swift; name = SearchOptionsCell.swift; path = Cells/SearchOptionsCell.swift; sourceTree = "<group>"; };
		9087E6681D4C284000FCF09B /* aboutSelectView.swift */ = {isa = PBXFileReference; fileEncoding = 4; lastKnownFileType = sourcecode.swift; path = aboutSelectView.swift; sourceTree = "<group>"; };
		90898C761D47DD1900719F20 /* Montserrat-ExtraBold.otf */ = {isa = PBXFileReference; lastKnownFileType = file; path = "Montserrat-ExtraBold.otf"; sourceTree = "<group>"; };
		90898C771D47DD1900719F20 /* Montserrat-SemiBold.otf */ = {isa = PBXFileReference; lastKnownFileType = file; path = "Montserrat-SemiBold.otf"; sourceTree = "<group>"; };
		90898C781D47DD1900719F20 /* Montserrat-UltraLight.otf */ = {isa = PBXFileReference; lastKnownFileType = file; path = "Montserrat-UltraLight.otf"; sourceTree = "<group>"; };
		90898C791D47DD1900719F20 /* Montserrat-Bold.otf */ = {isa = PBXFileReference; lastKnownFileType = file; path = "Montserrat-Bold.otf"; sourceTree = "<group>"; };
		90898C7A1D47DD1900719F20 /* Montserrat-Regular.otf */ = {isa = PBXFileReference; lastKnownFileType = file; path = "Montserrat-Regular.otf"; sourceTree = "<group>"; };
		90898C7B1D47DD1900719F20 /* Montserrat-Black.otf */ = {isa = PBXFileReference; lastKnownFileType = file; path = "Montserrat-Black.otf"; sourceTree = "<group>"; };
		90898C7C1D47DD1900719F20 /* Montserrat-Light.otf */ = {isa = PBXFileReference; lastKnownFileType = file; path = "Montserrat-Light.otf"; sourceTree = "<group>"; };
		90898C7D1D47DD1900719F20 /* Montserrat-Hairline.otf */ = {isa = PBXFileReference; lastKnownFileType = file; path = "Montserrat-Hairline.otf"; sourceTree = "<group>"; };
		90EA321E1D3E989E0066B281 /* SelectorTableViewCell.swift */ = {isa = PBXFileReference; fileEncoding = 4; lastKnownFileType = sourcecode.swift; name = SelectorTableViewCell.swift; path = Cells/SelectorTableViewCell.swift; sourceTree = "<group>"; };
		90EA32211D3F20850066B281 /* SearchOptionsVC.swift */ = {isa = PBXFileReference; fileEncoding = 4; lastKnownFileType = sourcecode.swift; path = SearchOptionsVC.swift; sourceTree = "<group>"; };
		90EA32231D3F253A0066B281 /* SearchByData.swift */ = {isa = PBXFileReference; fileEncoding = 4; lastKnownFileType = sourcecode.swift; name = SearchByData.swift; path = Data/SearchByData.swift; sourceTree = "<group>"; };
		A1A932F42A1CDAF8DA2EEFE4 /* Pods.release.xcconfig */ = {isa = PBXFileReference; includeInIndex = 1; lastKnownFileType = text.xcconfig; name = Pods.release.xcconfig; path = "Pods/Target Support Files/Pods/Pods.release.xcconfig"; sourceTree = "<group>"; };
/* End PBXFileReference section */

/* Begin PBXFrameworksBuildPhase section */
		9072561C1D397EF200C46A8B /* Frameworks */ = {
			isa = PBXFrameworksBuildPhase;
			buildActionMask = 2147483647;
			files = (
				B6826AF5B63E17B7B69AE794 /* Pods.framework in Frameworks */,
			);
			runOnlyForDeploymentPostprocessing = 0;
		};
		907256301D397EF200C46A8B /* Frameworks */ = {
			isa = PBXFrameworksBuildPhase;
			buildActionMask = 2147483647;
			files = (
			);
			runOnlyForDeploymentPostprocessing = 0;
		};
		9072563B1D397EF200C46A8B /* Frameworks */ = {
			isa = PBXFrameworksBuildPhase;
			buildActionMask = 2147483647;
			files = (
			);
			runOnlyForDeploymentPostprocessing = 0;
		};
/* End PBXFrameworksBuildPhase section */

/* Begin PBXGroup section */
		3C7B8CBF1D3DE39D00DAE60B /* Popup */ = {
			isa = PBXGroup;
			children = (
				901AD9B81D6038E10000FCE5 /* LoadingViewController.swift */,
				3C68FDFA1D484A4900D0609F /* AddProductModalViewController.swift */,
				3CB72D551D5D22230012FAA4 /* CustomizePopup.swift */,
			);
			name = Popup;
			sourceTree = "<group>";
		};
		3CB72D581D5D22430012FAA4 /* SideMenu */ = {
			isa = PBXGroup;
			children = (
				901AD9B61D5FBEE50000FCE5 /* MenuCellTableViewCell.swift */,
				3C15F9381D456D4000BCC053 /* CustomSideMenuViewController.swift */,
				3CDA179D1D5ED6EE00A4F57C /* SideMenuViewController.swift */,
			);
			name = SideMenu;
			sourceTree = "<group>";
		};
		463F94E3A966E6DCFA9E8791 /* Pods */ = {
			isa = PBXGroup;
			children = (
				38E5935BB870C91E5307CD8C /* Pods.debug.xcconfig */,
				A1A932F42A1CDAF8DA2EEFE4 /* Pods.release.xcconfig */,
			);
			name = Pods;
			sourceTree = "<group>";
		};
		7F81B36CBE2206B4B88C2FA6 /* Frameworks */ = {
			isa = PBXGroup;
			children = (
				8633511A252739FC04D09AD0 /* Pods.framework */,
			);
			name = Frameworks;
			sourceTree = "<group>";
		};
		907256161D397EF200C46A8B = {
			isa = PBXGroup;
			children = (
				907256211D397EF200C46A8B /* AnnieParts */,
				907256361D397EF200C46A8B /* AnniePartsTests */,
				907256411D397EF200C46A8B /* AnniePartsUITests */,
				907256201D397EF200C46A8B /* Products */,
				463F94E3A966E6DCFA9E8791 /* Pods */,
				7F81B36CBE2206B4B88C2FA6 /* Frameworks */,
			);
			sourceTree = "<group>";
		};
		907256201D397EF200C46A8B /* Products */ = {
			isa = PBXGroup;
			children = (
				9072561F1D397EF200C46A8B /* AnnieParts.app */,
				907256331D397EF200C46A8B /* AnniePartsTests.xctest */,
				9072563E1D397EF200C46A8B /* AnniePartsUITests.xctest */,
			);
			name = Products;
			sourceTree = "<group>";
		};
		907256211D397EF200C46A8B /* AnnieParts */ = {
			isa = PBXGroup;
			children = (
				907256221D397EF200C46A8B /* AppDelegate.swift */,
				901AD9BA1D603CC40000FCE5 /* AnimationKit.swift */,
				3C6A48AC1D5BD2A4006FB3E4 /* Product.swift */,
				3C9D321B1D5E58430099BC50 /* User.swift */,
				3CBD9F9C1D61429300C2FEE2 /* Constants.swift */,
				3C9D32191D5E53520099BC50 /* Singleton.swift */,
				9075AA141D531F7E004272F4 /* DataHandler.swift */,
				901AD9B41D5EF06B0000FCE5 /* UIExtensions.swift */,
				90EA32231D3F253A0066B281 /* SearchByData.swift */,
				907256541D3C45C700C46A8B /* VCs */,
				90EA32201D3E98A90066B281 /* Cells */,
				90898C861D47DD1F00719F20 /* Fonts */,
				3CB72D581D5D22430012FAA4 /* SideMenu */,
				3C7B8CBF1D3DE39D00DAE60B /* Popup */,
				9087E66A1D4C284900FCF09B /* DetailedViews */,
				90A7957E1D4A8A6000CCD179 /* XIB */,
				907256261D397EF200C46A8B /* Main.storyboard */,
				9072562B1D397EF200C46A8B /* LaunchScreen.storyboard */,
				907256291D397EF200C46A8B /* Assets.xcassets */,
				9072562E1D397EF200C46A8B /* Info.plist */,
			);
			path = AnnieParts;
			sourceTree = "<group>";
		};
		907256361D397EF200C46A8B /* AnniePartsTests */ = {
			isa = PBXGroup;
			children = (
				907256371D397EF200C46A8B /* AnniePartsTests.swift */,
				907256391D397EF200C46A8B /* Info.plist */,
			);
			path = AnniePartsTests;
			sourceTree = "<group>";
		};
		907256411D397EF200C46A8B /* AnniePartsUITests */ = {
			isa = PBXGroup;
			children = (
				907256421D397EF200C46A8B /* AnniePartsUITests.swift */,
				907256441D397EF200C46A8B /* Info.plist */,
			);
			path = AnniePartsUITests;
			sourceTree = "<group>";
		};
		907256541D3C45C700C46A8B /* VCs */ = {
			isa = PBXGroup;
			children = (
				907256241D397EF200C46A8B /* LoginVC.swift */,
				90EA32211D3F20850066B281 /* SearchOptionsVC.swift */,
				3CE599CC1D3D600200372AF7 /* SearchResultsTableViewController.swift */,
				900EB69E1D46990D00122DB9 /* ProductDetailViewController.swift */,
				3CA2812F1D403A6C00229F00 /* ShoppingCartViewController.swift */,
			);
			name = VCs;
			sourceTree = "<group>";
		};
		9087E66A1D4C284900FCF09B /* DetailedViews */ = {
			isa = PBXGroup;
			children = (
				9087E6681D4C284000FCF09B /* aboutSelectView.swift */,
			);
			name = DetailedViews;
			sourceTree = "<group>";
		};
		90898C861D47DD1F00719F20 /* Fonts */ = {
			isa = PBXGroup;
			children = (
				90898C761D47DD1900719F20 /* Montserrat-ExtraBold.otf */,
				90898C771D47DD1900719F20 /* Montserrat-SemiBold.otf */,
				90898C781D47DD1900719F20 /* Montserrat-UltraLight.otf */,
				90898C791D47DD1900719F20 /* Montserrat-Bold.otf */,
				90898C7A1D47DD1900719F20 /* Montserrat-Regular.otf */,
				90898C7B1D47DD1900719F20 /* Montserrat-Black.otf */,
				90898C7C1D47DD1900719F20 /* Montserrat-Light.otf */,
				90898C7D1D47DD1900719F20 /* Montserrat-Hairline.otf */,
			);
			name = Fonts;
			sourceTree = "<group>";
		};
		90A7957E1D4A8A6000CCD179 /* XIB */ = {
			isa = PBXGroup;
			children = (
				906287DD1D4A8DF5007C6D86 /* aboutSelect.xib */,
				906287DB1D4A8DD8007C6D86 /* videoSelect.xib */,
				9075AA161D5324D1004272F4 /* SearchOptionsCell.xib */,
			);
			name = XIB;
			sourceTree = "<group>";
		};
		90EA32201D3E98A90066B281 /* Cells */ = {
			isa = PBXGroup;
			children = (
				9075AA181D5325EA004272F4 /* SearchOptionsCell.swift */,
				3CA7FF431D3D5CB400364671 /* SearchResultsCell.swift */,
				3C15F9351D45523E00BCC053 /* ShoppingCartCell.swift */,
				90EA321E1D3E989E0066B281 /* SelectorTableViewCell.swift */,
			);
			name = Cells;
			sourceTree = "<group>";
		};
/* End PBXGroup section */

/* Begin PBXNativeTarget section */
		9072561E1D397EF200C46A8B /* AnnieParts */ = {
			isa = PBXNativeTarget;
			buildConfigurationList = 907256471D397EF200C46A8B /* Build configuration list for PBXNativeTarget "AnnieParts" */;
			buildPhases = (
				32344F048686D6392BEC05F4 /* Check Pods Manifest.lock */,
				9072561B1D397EF200C46A8B /* Sources */,
				9072561C1D397EF200C46A8B /* Frameworks */,
				9072561D1D397EF200C46A8B /* Resources */,
				AFAC25BB1417E453DA9AE038 /* Embed Pods Frameworks */,
				7AC7D5FD65D94258042AEB62 /* Copy Pods Resources */,
			);
			buildRules = (
			);
			dependencies = (
			);
			name = AnnieParts;
			productName = AnnieParts;
			productReference = 9072561F1D397EF200C46A8B /* AnnieParts.app */;
			productType = "com.apple.product-type.application";
		};
		907256321D397EF200C46A8B /* AnniePartsTests */ = {
			isa = PBXNativeTarget;
			buildConfigurationList = 9072564A1D397EF200C46A8B /* Build configuration list for PBXNativeTarget "AnniePartsTests" */;
			buildPhases = (
				9072562F1D397EF200C46A8B /* Sources */,
				907256301D397EF200C46A8B /* Frameworks */,
				907256311D397EF200C46A8B /* Resources */,
			);
			buildRules = (
			);
			dependencies = (
				907256351D397EF200C46A8B /* PBXTargetDependency */,
			);
			name = AnniePartsTests;
			productName = AnniePartsTests;
			productReference = 907256331D397EF200C46A8B /* AnniePartsTests.xctest */;
			productType = "com.apple.product-type.bundle.unit-test";
		};
		9072563D1D397EF200C46A8B /* AnniePartsUITests */ = {
			isa = PBXNativeTarget;
			buildConfigurationList = 9072564D1D397EF200C46A8B /* Build configuration list for PBXNativeTarget "AnniePartsUITests" */;
			buildPhases = (
				9072563A1D397EF200C46A8B /* Sources */,
				9072563B1D397EF200C46A8B /* Frameworks */,
				9072563C1D397EF200C46A8B /* Resources */,
			);
			buildRules = (
			);
			dependencies = (
				907256401D397EF200C46A8B /* PBXTargetDependency */,
			);
			name = AnniePartsUITests;
			productName = AnniePartsUITests;
			productReference = 9072563E1D397EF200C46A8B /* AnniePartsUITests.xctest */;
			productType = "com.apple.product-type.bundle.ui-testing";
		};
/* End PBXNativeTarget section */

/* Begin PBXProject section */
		907256171D397EF200C46A8B /* Project object */ = {
			isa = PBXProject;
			attributes = {
				LastSwiftUpdateCheck = 0730;
				LastUpgradeCheck = 0730;
				ORGANIZATIONNAME = Boyang;
				TargetAttributes = {
					9072561E1D397EF200C46A8B = {
						CreatedOnToolsVersion = 7.3.1;
						DevelopmentTeam = G6YM58LRJE;
					};
					907256321D397EF200C46A8B = {
						CreatedOnToolsVersion = 7.3.1;
						TestTargetID = 9072561E1D397EF200C46A8B;
					};
					9072563D1D397EF200C46A8B = {
						CreatedOnToolsVersion = 7.3.1;
						TestTargetID = 9072561E1D397EF200C46A8B;
					};
				};
			};
			buildConfigurationList = 9072561A1D397EF200C46A8B /* Build configuration list for PBXProject "AnnieParts" */;
			compatibilityVersion = "Xcode 3.2";
			developmentRegion = English;
			hasScannedForEncodings = 0;
			knownRegions = (
				en,
				Base,
			);
			mainGroup = 907256161D397EF200C46A8B;
			productRefGroup = 907256201D397EF200C46A8B /* Products */;
			projectDirPath = "";
			projectRoot = "";
			targets = (
				9072561E1D397EF200C46A8B /* AnnieParts */,
				907256321D397EF200C46A8B /* AnniePartsTests */,
				9072563D1D397EF200C46A8B /* AnniePartsUITests */,
			);
		};
/* End PBXProject section */

/* Begin PBXResourcesBuildPhase section */
		9072561D1D397EF200C46A8B /* Resources */ = {
			isa = PBXResourcesBuildPhase;
			buildActionMask = 2147483647;
			files = (
				90898C841D47DD1900719F20 /* Montserrat-Light.otf in Resources */,
				90898C7E1D47DD1900719F20 /* Montserrat-ExtraBold.otf in Resources */,
				9075AA171D5324D1004272F4 /* SearchOptionsCell.xib in Resources */,
				9072562D1D397EF200C46A8B /* LaunchScreen.storyboard in Resources */,
				90898C801D47DD1900719F20 /* Montserrat-UltraLight.otf in Resources */,
				9072562A1D397EF200C46A8B /* Assets.xcassets in Resources */,
				90898C7F1D47DD1900719F20 /* Montserrat-SemiBold.otf in Resources */,
				90898C851D47DD1900719F20 /* Montserrat-Hairline.otf in Resources */,
				907256281D397EF200C46A8B /* Main.storyboard in Resources */,
				90898C831D47DD1900719F20 /* Montserrat-Black.otf in Resources */,
				90898C811D47DD1900719F20 /* Montserrat-Bold.otf in Resources */,
				906287DC1D4A8DD8007C6D86 /* videoSelect.xib in Resources */,
				906287DE1D4A8DF5007C6D86 /* aboutSelect.xib in Resources */,
				90898C821D47DD1900719F20 /* Montserrat-Regular.otf in Resources */,
			);
			runOnlyForDeploymentPostprocessing = 0;
		};
		907256311D397EF200C46A8B /* Resources */ = {
			isa = PBXResourcesBuildPhase;
			buildActionMask = 2147483647;
			files = (
			);
			runOnlyForDeploymentPostprocessing = 0;
		};
		9072563C1D397EF200C46A8B /* Resources */ = {
			isa = PBXResourcesBuildPhase;
			buildActionMask = 2147483647;
			files = (
			);
			runOnlyForDeploymentPostprocessing = 0;
		};
/* End PBXResourcesBuildPhase section */

/* Begin PBXShellScriptBuildPhase section */
		32344F048686D6392BEC05F4 /* Check Pods Manifest.lock */ = {
			isa = PBXShellScriptBuildPhase;
			buildActionMask = 2147483647;
			files = (
			);
			inputPaths = (
			);
			name = "Check Pods Manifest.lock";
			outputPaths = (
			);
			runOnlyForDeploymentPostprocessing = 0;
			shellPath = /bin/sh;
			shellScript = "diff \"${PODS_ROOT}/../Podfile.lock\" \"${PODS_ROOT}/Manifest.lock\" > /dev/null\nif [[ $? != 0 ]] ; then\n    cat << EOM\nerror: The sandbox is not in sync with the Podfile.lock. Run 'pod install' or update your CocoaPods installation.\nEOM\n    exit 1\nfi\n";
			showEnvVarsInLog = 0;
		};
		7AC7D5FD65D94258042AEB62 /* Copy Pods Resources */ = {
			isa = PBXShellScriptBuildPhase;
			buildActionMask = 2147483647;
			files = (
			);
			inputPaths = (
			);
			name = "Copy Pods Resources";
			outputPaths = (
			);
			runOnlyForDeploymentPostprocessing = 0;
			shellPath = /bin/sh;
			shellScript = "\"${SRCROOT}/Pods/Target Support Files/Pods/Pods-resources.sh\"\n";
			showEnvVarsInLog = 0;
		};
		AFAC25BB1417E453DA9AE038 /* Embed Pods Frameworks */ = {
			isa = PBXShellScriptBuildPhase;
			buildActionMask = 2147483647;
			files = (
			);
			inputPaths = (
			);
			name = "Embed Pods Frameworks";
			outputPaths = (
			);
			runOnlyForDeploymentPostprocessing = 0;
			shellPath = /bin/sh;
			shellScript = "\"${SRCROOT}/Pods/Target Support Files/Pods/Pods-frameworks.sh\"\n";
			showEnvVarsInLog = 0;
		};
/* End PBXShellScriptBuildPhase section */

/* Begin PBXSourcesBuildPhase section */
		9072561B1D397EF200C46A8B /* Sources */ = {
			isa = PBXSourcesBuildPhase;
			buildActionMask = 2147483647;
			files = (
				3CBD9F9D1D61429300C2FEE2 /* Constants.swift in Sources */,
				901AD9B71D5FBEE50000FCE5 /* MenuCellTableViewCell.swift in Sources */,
				90EA32241D3F253A0066B281 /* SearchByData.swift in Sources */,
				3CA7FF441D3D5CB400364671 /* SearchResultsCell.swift in Sources */,
				3CA281301D403A6C00229F00 /* ShoppingCartViewController.swift in Sources */,
				90EA32221D3F20850066B281 /* SearchOptionsVC.swift in Sources */,
				3CDA179E1D5ED6EE00A4F57C /* SideMenuViewController.swift in Sources */,
				9075AA191D5325EA004272F4 /* SearchOptionsCell.swift in Sources */,
				3C6A48AD1D5BD2A4006FB3E4 /* Product.swift in Sources */,
				9075AA151D531F7E004272F4 /* DataHandler.swift in Sources */,
				9087E6691D4C284000FCF09B /* aboutSelectView.swift in Sources */,
				3C9D321C1D5E58430099BC50 /* User.swift in Sources */,
				900EB69F1D46990D00122DB9 /* ProductDetailViewController.swift in Sources */,
				3CE599CD1D3D600200372AF7 /* SearchResultsTableViewController.swift in Sources */,
				901AD9B91D6038E10000FCE5 /* LoadingViewController.swift in Sources */,
				907256251D397EF200C46A8B /* LoginVC.swift in Sources */,
				3CB72D561D5D22230012FAA4 /* CustomizePopup.swift in Sources */,
				90EA321F1D3E989E0066B281 /* SelectorTableViewCell.swift in Sources */,
				901AD9B51D5EF06B0000FCE5 /* UIExtensions.swift in Sources */,
				3C68FDFB1D484A4900D0609F /* AddProductModalViewController.swift in Sources */,
				907256231D397EF200C46A8B /* AppDelegate.swift in Sources */,
				901AD9BB1D603CC40000FCE5 /* AnimationKit.swift in Sources */,
				3C15F9391D456D4000BCC053 /* CustomSideMenuViewController.swift in Sources */,
				3C9D321A1D5E53520099BC50 /* Singleton.swift in Sources */,
				3C15F9361D45523E00BCC053 /* ShoppingCartCell.swift in Sources */,
			);
			runOnlyForDeploymentPostprocessing = 0;
		};
		9072562F1D397EF200C46A8B /* Sources */ = {
			isa = PBXSourcesBuildPhase;
			buildActionMask = 2147483647;
			files = (
				907256381D397EF200C46A8B /* AnniePartsTests.swift in Sources */,
			);
			runOnlyForDeploymentPostprocessing = 0;
		};
		9072563A1D397EF200C46A8B /* Sources */ = {
			isa = PBXSourcesBuildPhase;
			buildActionMask = 2147483647;
			files = (
				907256431D397EF200C46A8B /* AnniePartsUITests.swift in Sources */,
			);
			runOnlyForDeploymentPostprocessing = 0;
		};
/* End PBXSourcesBuildPhase section */

/* Begin PBXTargetDependency section */
		907256351D397EF200C46A8B /* PBXTargetDependency */ = {
			isa = PBXTargetDependency;
			target = 9072561E1D397EF200C46A8B /* AnnieParts */;
			targetProxy = 907256341D397EF200C46A8B /* PBXContainerItemProxy */;
		};
		907256401D397EF200C46A8B /* PBXTargetDependency */ = {
			isa = PBXTargetDependency;
			target = 9072561E1D397EF200C46A8B /* AnnieParts */;
			targetProxy = 9072563F1D397EF200C46A8B /* PBXContainerItemProxy */;
		};
/* End PBXTargetDependency section */

/* Begin PBXVariantGroup section */
		907256261D397EF200C46A8B /* Main.storyboard */ = {
			isa = PBXVariantGroup;
			children = (
				907256271D397EF200C46A8B /* Base */,
			);
			name = Main.storyboard;
			sourceTree = "<group>";
		};
		9072562B1D397EF200C46A8B /* LaunchScreen.storyboard */ = {
			isa = PBXVariantGroup;
			children = (
				9072562C1D397EF200C46A8B /* Base */,
			);
			name = LaunchScreen.storyboard;
			sourceTree = "<group>";
		};
/* End PBXVariantGroup section */

/* Begin XCBuildConfiguration section */
		907256451D397EF200C46A8B /* Debug */ = {
			isa = XCBuildConfiguration;
			buildSettings = {
				ALWAYS_SEARCH_USER_PATHS = NO;
				CLANG_ANALYZER_NONNULL = YES;
				CLANG_CXX_LANGUAGE_STANDARD = "gnu++0x";
				CLANG_CXX_LIBRARY = "libc++";
				CLANG_ENABLE_MODULES = YES;
				CLANG_ENABLE_OBJC_ARC = YES;
				CLANG_WARN_BOOL_CONVERSION = YES;
				CLANG_WARN_CONSTANT_CONVERSION = YES;
				CLANG_WARN_DIRECT_OBJC_ISA_USAGE = YES_ERROR;
				CLANG_WARN_EMPTY_BODY = YES;
				CLANG_WARN_ENUM_CONVERSION = YES;
				CLANG_WARN_INT_CONVERSION = YES;
				CLANG_WARN_OBJC_ROOT_CLASS = YES_ERROR;
				CLANG_WARN_UNREACHABLE_CODE = YES;
				CLANG_WARN__DUPLICATE_METHOD_MATCH = YES;
				"CODE_SIGN_IDENTITY[sdk=iphoneos*]" = "iPhone Developer";
				COPY_PHASE_STRIP = NO;
				DEBUG_INFORMATION_FORMAT = dwarf;
				ENABLE_STRICT_OBJC_MSGSEND = YES;
				ENABLE_TESTABILITY = YES;
				GCC_C_LANGUAGE_STANDARD = gnu99;
				GCC_DYNAMIC_NO_PIC = NO;
				GCC_NO_COMMON_BLOCKS = YES;
				GCC_OPTIMIZATION_LEVEL = 0;
				GCC_PREPROCESSOR_DEFINITIONS = (
					"DEBUG=1",
					"$(inherited)",
				);
				GCC_WARN_64_TO_32_BIT_CONVERSION = YES;
				GCC_WARN_ABOUT_RETURN_TYPE = YES_ERROR;
				GCC_WARN_UNDECLARED_SELECTOR = YES;
				GCC_WARN_UNINITIALIZED_AUTOS = YES_AGGRESSIVE;
				GCC_WARN_UNUSED_FUNCTION = YES;
				GCC_WARN_UNUSED_VARIABLE = YES;
				IPHONEOS_DEPLOYMENT_TARGET = 9.3;
				MTL_ENABLE_DEBUG_INFO = YES;
				ONLY_ACTIVE_ARCH = YES;
				SDKROOT = iphoneos;
				SWIFT_OPTIMIZATION_LEVEL = "-Onone";
			};
			name = Debug;
		};
		907256461D397EF200C46A8B /* Release */ = {
			isa = XCBuildConfiguration;
			buildSettings = {
				ALWAYS_SEARCH_USER_PATHS = NO;
				CLANG_ANALYZER_NONNULL = YES;
				CLANG_CXX_LANGUAGE_STANDARD = "gnu++0x";
				CLANG_CXX_LIBRARY = "libc++";
				CLANG_ENABLE_MODULES = YES;
				CLANG_ENABLE_OBJC_ARC = YES;
				CLANG_WARN_BOOL_CONVERSION = YES;
				CLANG_WARN_CONSTANT_CONVERSION = YES;
				CLANG_WARN_DIRECT_OBJC_ISA_USAGE = YES_ERROR;
				CLANG_WARN_EMPTY_BODY = YES;
				CLANG_WARN_ENUM_CONVERSION = YES;
				CLANG_WARN_INT_CONVERSION = YES;
				CLANG_WARN_OBJC_ROOT_CLASS = YES_ERROR;
				CLANG_WARN_UNREACHABLE_CODE = YES;
				CLANG_WARN__DUPLICATE_METHOD_MATCH = YES;
				"CODE_SIGN_IDENTITY[sdk=iphoneos*]" = "iPhone Developer";
				COPY_PHASE_STRIP = NO;
				DEBUG_INFORMATION_FORMAT = "dwarf-with-dsym";
				ENABLE_NS_ASSERTIONS = NO;
				ENABLE_STRICT_OBJC_MSGSEND = YES;
				GCC_C_LANGUAGE_STANDARD = gnu99;
				GCC_NO_COMMON_BLOCKS = YES;
				GCC_WARN_64_TO_32_BIT_CONVERSION = YES;
				GCC_WARN_ABOUT_RETURN_TYPE = YES_ERROR;
				GCC_WARN_UNDECLARED_SELECTOR = YES;
				GCC_WARN_UNINITIALIZED_AUTOS = YES_AGGRESSIVE;
				GCC_WARN_UNUSED_FUNCTION = YES;
				GCC_WARN_UNUSED_VARIABLE = YES;
				IPHONEOS_DEPLOYMENT_TARGET = 9.3;
				MTL_ENABLE_DEBUG_INFO = NO;
				SDKROOT = iphoneos;
				VALIDATE_PRODUCT = YES;
			};
			name = Release;
		};
		907256481D397EF200C46A8B /* Debug */ = {
			isa = XCBuildConfiguration;
			baseConfigurationReference = 38E5935BB870C91E5307CD8C /* Pods.debug.xcconfig */;
			buildSettings = {
				ASSETCATALOG_COMPILER_APPICON_NAME = AppIcon;
				CODE_SIGN_IDENTITY = "iPhone Developer";
				"CODE_SIGN_IDENTITY[sdk=iphoneos*]" = "iPhone Developer";
				INFOPLIST_FILE = AnnieParts/Info.plist;
				LD_RUNPATH_SEARCH_PATHS = "$(inherited) @executable_path/Frameworks";
				PRODUCT_BUNDLE_IDENTIFIER = com.Boyang.AnnieParts.AnnieParts;
				PRODUCT_NAME = "$(TARGET_NAME)";
				PROVISIONING_PROFILE = "";
			};
			name = Debug;
		};
		907256491D397EF200C46A8B /* Release */ = {
			isa = XCBuildConfiguration;
			baseConfigurationReference = A1A932F42A1CDAF8DA2EEFE4 /* Pods.release.xcconfig */;
			buildSettings = {
				ASSETCATALOG_COMPILER_APPICON_NAME = AppIcon;
				CODE_SIGN_IDENTITY = "iPhone Developer";
				"CODE_SIGN_IDENTITY[sdk=iphoneos*]" = "iPhone Developer";
				INFOPLIST_FILE = AnnieParts/Info.plist;
				LD_RUNPATH_SEARCH_PATHS = "$(inherited) @executable_path/Frameworks";
				PRODUCT_BUNDLE_IDENTIFIER = com.Boyang.AnnieParts.AnnieParts;
				PRODUCT_NAME = "$(TARGET_NAME)";
				PROVISIONING_PROFILE = "";
			};
			name = Release;
		};
		9072564B1D397EF200C46A8B /* Debug */ = {
			isa = XCBuildConfiguration;
			buildSettings = {
				BUNDLE_LOADER = "$(TEST_HOST)";
				INFOPLIST_FILE = AnniePartsTests/Info.plist;
				LD_RUNPATH_SEARCH_PATHS = "$(inherited) @executable_path/Frameworks @loader_path/Frameworks";
				PRODUCT_BUNDLE_IDENTIFIER = com.Boyang.AnnieParts.AnniePartsTests;
				PRODUCT_NAME = "$(TARGET_NAME)";
				TEST_HOST = "$(BUILT_PRODUCTS_DIR)/AnnieParts.app/AnnieParts";
			};
			name = Debug;
		};
		9072564C1D397EF200C46A8B /* Release */ = {
			isa = XCBuildConfiguration;
			buildSettings = {
				BUNDLE_LOADER = "$(TEST_HOST)";
				INFOPLIST_FILE = AnniePartsTests/Info.plist;
				LD_RUNPATH_SEARCH_PATHS = "$(inherited) @executable_path/Frameworks @loader_path/Frameworks";
				PRODUCT_BUNDLE_IDENTIFIER = com.Boyang.AnnieParts.AnniePartsTests;
				PRODUCT_NAME = "$(TARGET_NAME)";
				TEST_HOST = "$(BUILT_PRODUCTS_DIR)/AnnieParts.app/AnnieParts";
			};
			name = Release;
		};
		9072564E1D397EF200C46A8B /* Debug */ = {
			isa = XCBuildConfiguration;
			buildSettings = {
				INFOPLIST_FILE = AnniePartsUITests/Info.plist;
				LD_RUNPATH_SEARCH_PATHS = "$(inherited) @executable_path/Frameworks @loader_path/Frameworks";
				PRODUCT_BUNDLE_IDENTIFIER = com.Boyang.AnnieParts.AnniePartsUITests;
				PRODUCT_NAME = "$(TARGET_NAME)";
				TEST_TARGET_NAME = AnnieParts;
			};
			name = Debug;
		};
		9072564F1D397EF200C46A8B /* Release */ = {
			isa = XCBuildConfiguration;
			buildSettings = {
				INFOPLIST_FILE = AnniePartsUITests/Info.plist;
				LD_RUNPATH_SEARCH_PATHS = "$(inherited) @executable_path/Frameworks @loader_path/Frameworks";
				PRODUCT_BUNDLE_IDENTIFIER = com.Boyang.AnnieParts.AnniePartsUITests;
				PRODUCT_NAME = "$(TARGET_NAME)";
				TEST_TARGET_NAME = AnnieParts;
			};
			name = Release;
		};
/* End XCBuildConfiguration section */

/* Begin XCConfigurationList section */
		9072561A1D397EF200C46A8B /* Build configuration list for PBXProject "AnnieParts" */ = {
			isa = XCConfigurationList;
			buildConfigurations = (
				907256451D397EF200C46A8B /* Debug */,
				907256461D397EF200C46A8B /* Release */,
			);
			defaultConfigurationIsVisible = 0;
			defaultConfigurationName = Release;
		};
		907256471D397EF200C46A8B /* Build configuration list for PBXNativeTarget "AnnieParts" */ = {
			isa = XCConfigurationList;
			buildConfigurations = (
				907256481D397EF200C46A8B /* Debug */,
				907256491D397EF200C46A8B /* Release */,
			);
			defaultConfigurationIsVisible = 0;
			defaultConfigurationName = Release;
		};
		9072564A1D397EF200C46A8B /* Build configuration list for PBXNativeTarget "AnniePartsTests" */ = {
			isa = XCConfigurationList;
			buildConfigurations = (
				9072564B1D397EF200C46A8B /* Debug */,
				9072564C1D397EF200C46A8B /* Release */,
			);
			defaultConfigurationIsVisible = 0;
			defaultConfigurationName = Release;
		};
		9072564D1D397EF200C46A8B /* Build configuration list for PBXNativeTarget "AnniePartsUITests" */ = {
			isa = XCConfigurationList;
			buildConfigurations = (
				9072564E1D397EF200C46A8B /* Debug */,
				9072564F1D397EF200C46A8B /* Release */,
			);
			defaultConfigurationIsVisible = 0;
			defaultConfigurationName = Release;
		};
/* End XCConfigurationList section */
	};
	rootObject = 907256171D397EF200C46A8B /* Project object */;
}
