// !$*UTF8*$!
{
	archiveVersion = 1;
	classes = {
	};
	objectVersion = 46;
	objects = {

/* Begin PBXBuildFile section */
		2FA02AA67E27054DA812F803 /* Pods_AnnieParts.framework in Frameworks */ = {isa = PBXBuildFile; fileRef = 2770DCED801A9C62B20E0E35 /* Pods_AnnieParts.framework */; };
		3C0CD7F81E29723000F70652 /* ProductListVC.swift in Sources */ = {isa = PBXBuildFile; fileRef = 3C0CD7F71E29723000F70652 /* ProductListVC.swift */; };
		3C0CD7FC1E29732C00F70652 /* SearchHeaderCell.swift in Sources */ = {isa = PBXBuildFile; fileRef = 3C0CD7FB1E29732C00F70652 /* SearchHeaderCell.swift */; };
		3C0CD7FE1E29733500F70652 /* SearchOptionCell.swift in Sources */ = {isa = PBXBuildFile; fileRef = 3C0CD7FD1E29733500F70652 /* SearchOptionCell.swift */; };
		3C0CD8001E29783700F70652 /* UIHelperFunctions.swift in Sources */ = {isa = PBXBuildFile; fileRef = 3C0CD7FF1E29783700F70652 /* UIHelperFunctions.swift */; };
		3C0F9F931E2DAF11004F9657 /* ProductDetailVC.swift in Sources */ = {isa = PBXBuildFile; fileRef = 3C0F9F921E2DAF11004F9657 /* ProductDetailVC.swift */; };
		3C7052D91E282A8F00D2AF0E /* Constants.swift in Sources */ = {isa = PBXBuildFile; fileRef = 3C7052D81E282A8F00D2AF0E /* Constants.swift */; };
		3CA951A81E283E1500F92D42 /* SearchVC.swift in Sources */ = {isa = PBXBuildFile; fileRef = 3CA951A71E283E1500F92D42 /* SearchVC.swift */; };
		3CABAA081E25E7EC002AA0ED /* LoginVC.swift in Sources */ = {isa = PBXBuildFile; fileRef = 3CABAA071E25E7EC002AA0ED /* LoginVC.swift */; };
		3CABAA0A1E25E9F0002AA0ED /* DataHandler.swift in Sources */ = {isa = PBXBuildFile; fileRef = 3CABAA091E25E9F0002AA0ED /* DataHandler.swift */; };
		3CABAA0C1E25EF22002AA0ED /* Model.swift in Sources */ = {isa = PBXBuildFile; fileRef = 3CABAA0B1E25EF22002AA0ED /* Model.swift */; };
		3CABAA0E1E25FF0B002AA0ED /* UIExtensions.swift in Sources */ = {isa = PBXBuildFile; fileRef = 3CABAA0D1E25FF0B002AA0ED /* UIExtensions.swift */; };
		3CB01C3B1E2472BE00EE22F6 /* AppDelegate.swift in Sources */ = {isa = PBXBuildFile; fileRef = 3CB01C3A1E2472BE00EE22F6 /* AppDelegate.swift */; };
		3CB01C401E2472BE00EE22F6 /* Main.storyboard in Resources */ = {isa = PBXBuildFile; fileRef = 3CB01C3E1E2472BE00EE22F6 /* Main.storyboard */; };
		3CB01C421E2472BE00EE22F6 /* Assets.xcassets in Resources */ = {isa = PBXBuildFile; fileRef = 3CB01C411E2472BE00EE22F6 /* Assets.xcassets */; };
		3CB01C451E2472BE00EE22F6 /* LaunchScreen.storyboard in Resources */ = {isa = PBXBuildFile; fileRef = 3CB01C431E2472BE00EE22F6 /* LaunchScreen.storyboard */; };
		3CB01C501E2472BE00EE22F6 /* AnniePartsTests.swift in Sources */ = {isa = PBXBuildFile; fileRef = 3CB01C4F1E2472BE00EE22F6 /* AnniePartsTests.swift */; };
		3CB01C5B1E2472BE00EE22F6 /* AnniePartsUITests.swift in Sources */ = {isa = PBXBuildFile; fileRef = 3CB01C5A1E2472BE00EE22F6 /* AnniePartsUITests.swift */; };
		3CC0E0C71E29AA0000A3E86E /* ProductCell.swift in Sources */ = {isa = PBXBuildFile; fileRef = 3CC0E0C61E29AA0000A3E86E /* ProductCell.swift */; };
/* End PBXBuildFile section */

/* Begin PBXContainerItemProxy section */
		3CB01C4C1E2472BE00EE22F6 /* PBXContainerItemProxy */ = {
			isa = PBXContainerItemProxy;
			containerPortal = 3CB01C2F1E2472BE00EE22F6 /* Project object */;
			proxyType = 1;
			remoteGlobalIDString = 3CB01C361E2472BE00EE22F6;
			remoteInfo = AnnieParts;
		};
		3CB01C571E2472BE00EE22F6 /* PBXContainerItemProxy */ = {
			isa = PBXContainerItemProxy;
			containerPortal = 3CB01C2F1E2472BE00EE22F6 /* Project object */;
			proxyType = 1;
			remoteGlobalIDString = 3CB01C361E2472BE00EE22F6;
			remoteInfo = AnnieParts;
		};
/* End PBXContainerItemProxy section */

/* Begin PBXFileReference section */
		157CCDD56086A09E4F732AB6 /* Pods-AnnieParts.release.xcconfig */ = {isa = PBXFileReference; includeInIndex = 1; lastKnownFileType = text.xcconfig; name = "Pods-AnnieParts.release.xcconfig"; path = "Pods/Target Support Files/Pods-AnnieParts/Pods-AnnieParts.release.xcconfig"; sourceTree = "<group>"; };
		2770DCED801A9C62B20E0E35 /* Pods_AnnieParts.framework */ = {isa = PBXFileReference; explicitFileType = wrapper.framework; includeInIndex = 0; path = Pods_AnnieParts.framework; sourceTree = BUILT_PRODUCTS_DIR; };
		3C0CD7F71E29723000F70652 /* ProductListVC.swift */ = {isa = PBXFileReference; fileEncoding = 4; lastKnownFileType = sourcecode.swift; path = ProductListVC.swift; sourceTree = "<group>"; };
		3C0CD7FB1E29732C00F70652 /* SearchHeaderCell.swift */ = {isa = PBXFileReference; fileEncoding = 4; lastKnownFileType = sourcecode.swift; path = SearchHeaderCell.swift; sourceTree = "<group>"; };
		3C0CD7FD1E29733500F70652 /* SearchOptionCell.swift */ = {isa = PBXFileReference; fileEncoding = 4; lastKnownFileType = sourcecode.swift; path = SearchOptionCell.swift; sourceTree = "<group>"; };
		3C0CD7FF1E29783700F70652 /* UIHelperFunctions.swift */ = {isa = PBXFileReference; fileEncoding = 4; lastKnownFileType = sourcecode.swift; path = UIHelperFunctions.swift; sourceTree = "<group>"; };
		3C0F9F921E2DAF11004F9657 /* ProductDetailVC.swift */ = {isa = PBXFileReference; fileEncoding = 4; lastKnownFileType = sourcecode.swift; path = ProductDetailVC.swift; sourceTree = "<group>"; };
		3C7052D81E282A8F00D2AF0E /* Constants.swift */ = {isa = PBXFileReference; fileEncoding = 4; lastKnownFileType = sourcecode.swift; path = Constants.swift; sourceTree = "<group>"; };
		3CA951A71E283E1500F92D42 /* SearchVC.swift */ = {isa = PBXFileReference; fileEncoding = 4; lastKnownFileType = sourcecode.swift; path = SearchVC.swift; sourceTree = "<group>"; };
		3CABAA071E25E7EC002AA0ED /* LoginVC.swift */ = {isa = PBXFileReference; fileEncoding = 4; lastKnownFileType = sourcecode.swift; path = LoginVC.swift; sourceTree = "<group>"; };
		3CABAA091E25E9F0002AA0ED /* DataHandler.swift */ = {isa = PBXFileReference; fileEncoding = 4; lastKnownFileType = sourcecode.swift; path = DataHandler.swift; sourceTree = "<group>"; };
		3CABAA0B1E25EF22002AA0ED /* Model.swift */ = {isa = PBXFileReference; fileEncoding = 4; lastKnownFileType = sourcecode.swift; path = Model.swift; sourceTree = "<group>"; };
		3CABAA0D1E25FF0B002AA0ED /* UIExtensions.swift */ = {isa = PBXFileReference; fileEncoding = 4; lastKnownFileType = sourcecode.swift; path = UIExtensions.swift; sourceTree = "<group>"; };
		3CB01C371E2472BE00EE22F6 /* AnnieParts.app */ = {isa = PBXFileReference; explicitFileType = wrapper.application; includeInIndex = 0; path = AnnieParts.app; sourceTree = BUILT_PRODUCTS_DIR; };
		3CB01C3A1E2472BE00EE22F6 /* AppDelegate.swift */ = {isa = PBXFileReference; lastKnownFileType = sourcecode.swift; path = AppDelegate.swift; sourceTree = "<group>"; };
		3CB01C3F1E2472BE00EE22F6 /* Base */ = {isa = PBXFileReference; lastKnownFileType = file.storyboard; name = Base; path = Base.lproj/Main.storyboard; sourceTree = "<group>"; };
		3CB01C411E2472BE00EE22F6 /* Assets.xcassets */ = {isa = PBXFileReference; lastKnownFileType = folder.assetcatalog; path = Assets.xcassets; sourceTree = "<group>"; };
		3CB01C441E2472BE00EE22F6 /* Base */ = {isa = PBXFileReference; lastKnownFileType = file.storyboard; name = Base; path = Base.lproj/LaunchScreen.storyboard; sourceTree = "<group>"; };
		3CB01C461E2472BE00EE22F6 /* Info.plist */ = {isa = PBXFileReference; lastKnownFileType = text.plist.xml; path = Info.plist; sourceTree = "<group>"; };
		3CB01C4B1E2472BE00EE22F6 /* AnniePartsTests.xctest */ = {isa = PBXFileReference; explicitFileType = wrapper.cfbundle; includeInIndex = 0; path = AnniePartsTests.xctest; sourceTree = BUILT_PRODUCTS_DIR; };
		3CB01C4F1E2472BE00EE22F6 /* AnniePartsTests.swift */ = {isa = PBXFileReference; lastKnownFileType = sourcecode.swift; path = AnniePartsTests.swift; sourceTree = "<group>"; };
		3CB01C511E2472BE00EE22F6 /* Info.plist */ = {isa = PBXFileReference; lastKnownFileType = text.plist.xml; path = Info.plist; sourceTree = "<group>"; };
		3CB01C561E2472BE00EE22F6 /* AnniePartsUITests.xctest */ = {isa = PBXFileReference; explicitFileType = wrapper.cfbundle; includeInIndex = 0; path = AnniePartsUITests.xctest; sourceTree = BUILT_PRODUCTS_DIR; };
		3CB01C5A1E2472BE00EE22F6 /* AnniePartsUITests.swift */ = {isa = PBXFileReference; lastKnownFileType = sourcecode.swift; path = AnniePartsUITests.swift; sourceTree = "<group>"; };
		3CB01C5C1E2472BE00EE22F6 /* Info.plist */ = {isa = PBXFileReference; lastKnownFileType = text.plist.xml; path = Info.plist; sourceTree = "<group>"; };
		3CC0E0C61E29AA0000A3E86E /* ProductCell.swift */ = {isa = PBXFileReference; fileEncoding = 4; lastKnownFileType = sourcecode.swift; path = ProductCell.swift; sourceTree = "<group>"; };
		7922A15B6AC13A3AA97CB1D2 /* Pods_AnniePartsTests.framework */ = {isa = PBXFileReference; explicitFileType = wrapper.framework; includeInIndex = 0; path = Pods_AnniePartsTests.framework; sourceTree = BUILT_PRODUCTS_DIR; };
		A1804BF67F2EF41CEA246AC5 /* Pods_AnniePartsUITests.framework */ = {isa = PBXFileReference; explicitFileType = wrapper.framework; includeInIndex = 0; path = Pods_AnniePartsUITests.framework; sourceTree = BUILT_PRODUCTS_DIR; };
		B8388E93E779F4F93DF81594 /* Pods-AnnieParts.debug.xcconfig */ = {isa = PBXFileReference; includeInIndex = 1; lastKnownFileType = text.xcconfig; name = "Pods-AnnieParts.debug.xcconfig"; path = "Pods/Target Support Files/Pods-AnnieParts/Pods-AnnieParts.debug.xcconfig"; sourceTree = "<group>"; };
/* End PBXFileReference section */

/* Begin PBXFrameworksBuildPhase section */
		3CB01C341E2472BE00EE22F6 /* Frameworks */ = {
			isa = PBXFrameworksBuildPhase;
			buildActionMask = 2147483647;
			files = (
				2FA02AA67E27054DA812F803 /* Pods_AnnieParts.framework in Frameworks */,
			);
			runOnlyForDeploymentPostprocessing = 0;
		};
		3CB01C481E2472BE00EE22F6 /* Frameworks */ = {
			isa = PBXFrameworksBuildPhase;
			buildActionMask = 2147483647;
			files = (
			);
			runOnlyForDeploymentPostprocessing = 0;
		};
		3CB01C531E2472BE00EE22F6 /* Frameworks */ = {
			isa = PBXFrameworksBuildPhase;
			buildActionMask = 2147483647;
			files = (
			);
			runOnlyForDeploymentPostprocessing = 0;
		};
/* End PBXFrameworksBuildPhase section */

/* Begin PBXGroup section */
		3C0CD8011E2979B000F70652 /* UI */ = {
			isa = PBXGroup;
			children = (
				3CABAA0D1E25FF0B002AA0ED /* UIExtensions.swift */,
				3C0CD7FF1E29783700F70652 /* UIHelperFunctions.swift */,
				3CB01C3E1E2472BE00EE22F6 /* Main.storyboard */,
				3CB01C431E2472BE00EE22F6 /* LaunchScreen.storyboard */,
			);
			name = UI;
			sourceTree = "<group>";
		};
		3C4D02551E2DD24600188377 /* Data */ = {
			isa = PBXGroup;
			children = (
				3C7052D81E282A8F00D2AF0E /* Constants.swift */,
				3CABAA091E25E9F0002AA0ED /* DataHandler.swift */,
				3CABAA0B1E25EF22002AA0ED /* Model.swift */,
			);
			name = Data;
			sourceTree = "<group>";
		};
		3C677A4F1E25B0BC003719FC /* Controller */ = {
			isa = PBXGroup;
			children = (
				3CABAA071E25E7EC002AA0ED /* LoginVC.swift */,
				3CA951A71E283E1500F92D42 /* SearchVC.swift */,
				3C0CD7F71E29723000F70652 /* ProductListVC.swift */,
				3C0F9F921E2DAF11004F9657 /* ProductDetailVC.swift */,
			);
			name = Controller;
			sourceTree = "<group>";
		};
		3CA951A41E283DBD00F92D42 /* Cells */ = {
			isa = PBXGroup;
			children = (
				3C0CD7FB1E29732C00F70652 /* SearchHeaderCell.swift */,
				3C0CD7FD1E29733500F70652 /* SearchOptionCell.swift */,
				3CC0E0C61E29AA0000A3E86E /* ProductCell.swift */,
			);
			name = Cells;
			sourceTree = "<group>";
		};
		3CB01C2E1E2472BE00EE22F6 = {
			isa = PBXGroup;
			children = (
				3CB01C391E2472BE00EE22F6 /* AnnieParts */,
				3CB01C4E1E2472BE00EE22F6 /* AnniePartsTests */,
				3CB01C591E2472BE00EE22F6 /* AnniePartsUITests */,
				3CB01C381E2472BE00EE22F6 /* Products */,
				DC62CB597C9BF8526349F24C /* Pods */,
				670943EFB763317D2A969DF4 /* Frameworks */,
			);
			sourceTree = "<group>";
		};
		3CB01C381E2472BE00EE22F6 /* Products */ = {
			isa = PBXGroup;
			children = (
				3CB01C371E2472BE00EE22F6 /* AnnieParts.app */,
				3CB01C4B1E2472BE00EE22F6 /* AnniePartsTests.xctest */,
				3CB01C561E2472BE00EE22F6 /* AnniePartsUITests.xctest */,
			);
			name = Products;
			sourceTree = "<group>";
		};
		3CB01C391E2472BE00EE22F6 /* AnnieParts */ = {
			isa = PBXGroup;
			children = (
				3C0CD8011E2979B000F70652 /* UI */,
				3C4D02551E2DD24600188377 /* Data */,
				3CA951A41E283DBD00F92D42 /* Cells */,
				3C677A4F1E25B0BC003719FC /* Controller */,
				3CB01C411E2472BE00EE22F6 /* Assets.xcassets */,
				3CB01C3A1E2472BE00EE22F6 /* AppDelegate.swift */,
				3CB01C461E2472BE00EE22F6 /* Info.plist */,
			);
			path = AnnieParts;
			sourceTree = "<group>";
		};
		3CB01C4E1E2472BE00EE22F6 /* AnniePartsTests */ = {
			isa = PBXGroup;
			children = (
				3CB01C4F1E2472BE00EE22F6 /* AnniePartsTests.swift */,
				3CB01C511E2472BE00EE22F6 /* Info.plist */,
			);
			path = AnniePartsTests;
			sourceTree = "<group>";
		};
		3CB01C591E2472BE00EE22F6 /* AnniePartsUITests */ = {
			isa = PBXGroup;
			children = (
				3CB01C5A1E2472BE00EE22F6 /* AnniePartsUITests.swift */,
				3CB01C5C1E2472BE00EE22F6 /* Info.plist */,
			);
			path = AnniePartsUITests;
			sourceTree = "<group>";
		};
		670943EFB763317D2A969DF4 /* Frameworks */ = {
			isa = PBXGroup;
			children = (
				2770DCED801A9C62B20E0E35 /* Pods_AnnieParts.framework */,
				7922A15B6AC13A3AA97CB1D2 /* Pods_AnniePartsTests.framework */,
				A1804BF67F2EF41CEA246AC5 /* Pods_AnniePartsUITests.framework */,
			);
			name = Frameworks;
			sourceTree = "<group>";
		};
		DC62CB597C9BF8526349F24C /* Pods */ = {
			isa = PBXGroup;
			children = (
				B8388E93E779F4F93DF81594 /* Pods-AnnieParts.debug.xcconfig */,
				157CCDD56086A09E4F732AB6 /* Pods-AnnieParts.release.xcconfig */,
			);
			name = Pods;
			sourceTree = "<group>";
		};
/* End PBXGroup section */

/* Begin PBXNativeTarget section */
		3CB01C361E2472BE00EE22F6 /* AnnieParts */ = {
			isa = PBXNativeTarget;
			buildConfigurationList = 3CB01C5F1E2472BE00EE22F6 /* Build configuration list for PBXNativeTarget "AnnieParts" */;
			buildPhases = (
				D1871583A29B7B2C8E819D35 /* [CP] Check Pods Manifest.lock */,
				3CB01C331E2472BE00EE22F6 /* Sources */,
				3CB01C341E2472BE00EE22F6 /* Frameworks */,
				3CB01C351E2472BE00EE22F6 /* Resources */,
				A57B8E21C0C4219BE32E5FEE /* [CP] Embed Pods Frameworks */,
				917B8DEFFAFDBC66D872AD0A /* [CP] Copy Pods Resources */,
			);
			buildRules = (
			);
			dependencies = (
			);
			name = AnnieParts;
			productName = AnnieParts;
			productReference = 3CB01C371E2472BE00EE22F6 /* AnnieParts.app */;
			productType = "com.apple.product-type.application";
		};
		3CB01C4A1E2472BE00EE22F6 /* AnniePartsTests */ = {
			isa = PBXNativeTarget;
			buildConfigurationList = 3CB01C621E2472BE00EE22F6 /* Build configuration list for PBXNativeTarget "AnniePartsTests" */;
			buildPhases = (
				3CB01C471E2472BE00EE22F6 /* Sources */,
				3CB01C481E2472BE00EE22F6 /* Frameworks */,
				3CB01C491E2472BE00EE22F6 /* Resources */,
			);
			buildRules = (
			);
			dependencies = (
				3CB01C4D1E2472BE00EE22F6 /* PBXTargetDependency */,
			);
			name = AnniePartsTests;
			productName = AnniePartsTests;
			productReference = 3CB01C4B1E2472BE00EE22F6 /* AnniePartsTests.xctest */;
			productType = "com.apple.product-type.bundle.unit-test";
		};
		3CB01C551E2472BE00EE22F6 /* AnniePartsUITests */ = {
			isa = PBXNativeTarget;
			buildConfigurationList = 3CB01C651E2472BE00EE22F6 /* Build configuration list for PBXNativeTarget "AnniePartsUITests" */;
			buildPhases = (
				3CB01C521E2472BE00EE22F6 /* Sources */,
				3CB01C531E2472BE00EE22F6 /* Frameworks */,
				3CB01C541E2472BE00EE22F6 /* Resources */,
			);
			buildRules = (
			);
			dependencies = (
				3CB01C581E2472BE00EE22F6 /* PBXTargetDependency */,
			);
			name = AnniePartsUITests;
			productName = AnniePartsUITests;
			productReference = 3CB01C561E2472BE00EE22F6 /* AnniePartsUITests.xctest */;
			productType = "com.apple.product-type.bundle.ui-testing";
		};
/* End PBXNativeTarget section */

/* Begin PBXProject section */
		3CB01C2F1E2472BE00EE22F6 /* Project object */ = {
			isa = PBXProject;
			attributes = {
				LastSwiftUpdateCheck = 0810;
				LastUpgradeCheck = 0810;
				ORGANIZATIONNAME = boyang;
				TargetAttributes = {
					3CB01C361E2472BE00EE22F6 = {
						CreatedOnToolsVersion = 8.1;
						DevelopmentTeam = CQD8Z7UVJ4;
						ProvisioningStyle = Automatic;
					};
					3CB01C4A1E2472BE00EE22F6 = {
						CreatedOnToolsVersion = 8.1;
						DevelopmentTeam = QBURSC393N;
						ProvisioningStyle = Automatic;
						TestTargetID = 3CB01C361E2472BE00EE22F6;
					};
					3CB01C551E2472BE00EE22F6 = {
						CreatedOnToolsVersion = 8.1;
						DevelopmentTeam = QBURSC393N;
						ProvisioningStyle = Automatic;
						TestTargetID = 3CB01C361E2472BE00EE22F6;
					};
				};
			};
			buildConfigurationList = 3CB01C321E2472BE00EE22F6 /* Build configuration list for PBXProject "AnnieParts" */;
			compatibilityVersion = "Xcode 3.2";
			developmentRegion = English;
			hasScannedForEncodings = 0;
			knownRegions = (
				en,
				Base,
			);
			mainGroup = 3CB01C2E1E2472BE00EE22F6;
			productRefGroup = 3CB01C381E2472BE00EE22F6 /* Products */;
			projectDirPath = "";
			projectRoot = "";
			targets = (
				3CB01C361E2472BE00EE22F6 /* AnnieParts */,
				3CB01C4A1E2472BE00EE22F6 /* AnniePartsTests */,
				3CB01C551E2472BE00EE22F6 /* AnniePartsUITests */,
			);
		};
/* End PBXProject section */

/* Begin PBXResourcesBuildPhase section */
		3CB01C351E2472BE00EE22F6 /* Resources */ = {
			isa = PBXResourcesBuildPhase;
			buildActionMask = 2147483647;
			files = (
				3CB01C451E2472BE00EE22F6 /* LaunchScreen.storyboard in Resources */,
				3CB01C421E2472BE00EE22F6 /* Assets.xcassets in Resources */,
				3CB01C401E2472BE00EE22F6 /* Main.storyboard in Resources */,
			);
			runOnlyForDeploymentPostprocessing = 0;
		};
		3CB01C491E2472BE00EE22F6 /* Resources */ = {
			isa = PBXResourcesBuildPhase;
			buildActionMask = 2147483647;
			files = (
			);
			runOnlyForDeploymentPostprocessing = 0;
		};
		3CB01C541E2472BE00EE22F6 /* Resources */ = {
			isa = PBXResourcesBuildPhase;
			buildActionMask = 2147483647;
			files = (
			);
			runOnlyForDeploymentPostprocessing = 0;
		};
/* End PBXResourcesBuildPhase section */

/* Begin PBXShellScriptBuildPhase section */
		917B8DEFFAFDBC66D872AD0A /* [CP] Copy Pods Resources */ = {
			isa = PBXShellScriptBuildPhase;
			buildActionMask = 2147483647;
			files = (
			);
			inputPaths = (
			);
			name = "[CP] Copy Pods Resources";
			outputPaths = (
			);
			runOnlyForDeploymentPostprocessing = 0;
			shellPath = /bin/sh;
			shellScript = "\"${SRCROOT}/Pods/Target Support Files/Pods-AnnieParts/Pods-AnnieParts-resources.sh\"\n";
			showEnvVarsInLog = 0;
		};
		A57B8E21C0C4219BE32E5FEE /* [CP] Embed Pods Frameworks */ = {
			isa = PBXShellScriptBuildPhase;
			buildActionMask = 2147483647;
			files = (
			);
			inputPaths = (
			);
			name = "[CP] Embed Pods Frameworks";
			outputPaths = (
			);
			runOnlyForDeploymentPostprocessing = 0;
			shellPath = /bin/sh;
			shellScript = "\"${SRCROOT}/Pods/Target Support Files/Pods-AnnieParts/Pods-AnnieParts-frameworks.sh\"\n";
			showEnvVarsInLog = 0;
		};
		D1871583A29B7B2C8E819D35 /* [CP] Check Pods Manifest.lock */ = {
			isa = PBXShellScriptBuildPhase;
			buildActionMask = 2147483647;
			files = (
			);
			inputPaths = (
			);
			name = "[CP] Check Pods Manifest.lock";
			outputPaths = (
			);
			runOnlyForDeploymentPostprocessing = 0;
			shellPath = /bin/sh;
			shellScript = "diff \"${PODS_ROOT}/../Podfile.lock\" \"${PODS_ROOT}/Manifest.lock\" > /dev/null\nif [ $? != 0 ] ; then\n    # print error to STDERR\n    echo \"error: The sandbox is not in sync with the Podfile.lock. Run 'pod install' or update your CocoaPods installation.\" >&2\n    exit 1\nfi\n";
			showEnvVarsInLog = 0;
		};
/* End PBXShellScriptBuildPhase section */

/* Begin PBXSourcesBuildPhase section */
		3CB01C331E2472BE00EE22F6 /* Sources */ = {
			isa = PBXSourcesBuildPhase;
			buildActionMask = 2147483647;
			files = (
				3C0CD8001E29783700F70652 /* UIHelperFunctions.swift in Sources */,
				3C0CD7FE1E29733500F70652 /* SearchOptionCell.swift in Sources */,
				3C0CD7F81E29723000F70652 /* ProductListVC.swift in Sources */,
				3CA951A81E283E1500F92D42 /* SearchVC.swift in Sources */,
				3CABAA081E25E7EC002AA0ED /* LoginVC.swift in Sources */,
				3CABAA0A1E25E9F0002AA0ED /* DataHandler.swift in Sources */,
				3CB01C3B1E2472BE00EE22F6 /* AppDelegate.swift in Sources */,
				3CABAA0E1E25FF0B002AA0ED /* UIExtensions.swift in Sources */,
				3CABAA0C1E25EF22002AA0ED /* Model.swift in Sources */,
				3CC0E0C71E29AA0000A3E86E /* ProductCell.swift in Sources */,
				3C7052D91E282A8F00D2AF0E /* Constants.swift in Sources */,
				3C0F9F931E2DAF11004F9657 /* ProductDetailVC.swift in Sources */,
				3C0CD7FC1E29732C00F70652 /* SearchHeaderCell.swift in Sources */,
			);
			runOnlyForDeploymentPostprocessing = 0;
		};
		3CB01C471E2472BE00EE22F6 /* Sources */ = {
			isa = PBXSourcesBuildPhase;
			buildActionMask = 2147483647;
			files = (
				3CB01C501E2472BE00EE22F6 /* AnniePartsTests.swift in Sources */,
			);
			runOnlyForDeploymentPostprocessing = 0;
		};
		3CB01C521E2472BE00EE22F6 /* Sources */ = {
			isa = PBXSourcesBuildPhase;
			buildActionMask = 2147483647;
			files = (
				3CB01C5B1E2472BE00EE22F6 /* AnniePartsUITests.swift in Sources */,
			);
			runOnlyForDeploymentPostprocessing = 0;
		};
/* End PBXSourcesBuildPhase section */

/* Begin PBXTargetDependency section */
		3CB01C4D1E2472BE00EE22F6 /* PBXTargetDependency */ = {
			isa = PBXTargetDependency;
			target = 3CB01C361E2472BE00EE22F6 /* AnnieParts */;
			targetProxy = 3CB01C4C1E2472BE00EE22F6 /* PBXContainerItemProxy */;
		};
		3CB01C581E2472BE00EE22F6 /* PBXTargetDependency */ = {
			isa = PBXTargetDependency;
			target = 3CB01C361E2472BE00EE22F6 /* AnnieParts */;
			targetProxy = 3CB01C571E2472BE00EE22F6 /* PBXContainerItemProxy */;
		};
/* End PBXTargetDependency section */

/* Begin PBXVariantGroup section */
		3CB01C3E1E2472BE00EE22F6 /* Main.storyboard */ = {
			isa = PBXVariantGroup;
			children = (
				3CB01C3F1E2472BE00EE22F6 /* Base */,
			);
			name = Main.storyboard;
			sourceTree = "<group>";
		};
		3CB01C431E2472BE00EE22F6 /* LaunchScreen.storyboard */ = {
			isa = PBXVariantGroup;
			children = (
				3CB01C441E2472BE00EE22F6 /* Base */,
			);
			name = LaunchScreen.storyboard;
			sourceTree = "<group>";
		};
/* End PBXVariantGroup section */

/* Begin XCBuildConfiguration section */
		3CB01C5D1E2472BE00EE22F6 /* Debug */ = {
			isa = XCBuildConfiguration;
			buildSettings = {
				ALWAYS_SEARCH_USER_PATHS = NO;
				CLANG_ANALYZER_LOCALIZABILITY_NONLOCALIZED = YES;
				CLANG_ANALYZER_NONNULL = YES;
				CLANG_CXX_LANGUAGE_STANDARD = "gnu++0x";
				CLANG_CXX_LIBRARY = "libc++";
				CLANG_ENABLE_MODULES = YES;
				CLANG_ENABLE_OBJC_ARC = YES;
				CLANG_WARN_BOOL_CONVERSION = YES;
				CLANG_WARN_CONSTANT_CONVERSION = YES;
				CLANG_WARN_DIRECT_OBJC_ISA_USAGE = YES_ERROR;
				CLANG_WARN_DOCUMENTATION_COMMENTS = YES;
				CLANG_WARN_EMPTY_BODY = YES;
				CLANG_WARN_ENUM_CONVERSION = YES;
				CLANG_WARN_INFINITE_RECURSION = YES;
				CLANG_WARN_INT_CONVERSION = YES;
				CLANG_WARN_OBJC_ROOT_CLASS = YES_ERROR;
				CLANG_WARN_SUSPICIOUS_MOVE = YES;
				CLANG_WARN_SUSPICIOUS_MOVES = YES;
				CLANG_WARN_UNREACHABLE_CODE = YES;
				CLANG_WARN__DUPLICATE_METHOD_MATCH = YES;
				"CODE_SIGN_IDENTITY[sdk=iphoneos*]" = "iPhone Developer";
				COPY_PHASE_STRIP = NO;
				DEBUG_INFORMATION_FORMAT = dwarf;
				ENABLE_STRICT_OBJC_MSGSEND = YES;
				ENABLE_TESTABILITY = YES;
				GCC_C_LANGUAGE_STANDARD = gnu99;
				GCC_DYNAMIC_NO_PIC = NO;
				GCC_NO_COMMON_BLOCKS = YES;
				GCC_OPTIMIZATION_LEVEL = 0;
				GCC_PREPROCESSOR_DEFINITIONS = (
					"DEBUG=1",
					"$(inherited)",
				);
				GCC_WARN_64_TO_32_BIT_CONVERSION = YES;
				GCC_WARN_ABOUT_RETURN_TYPE = YES_ERROR;
				GCC_WARN_UNDECLARED_SELECTOR = YES;
				GCC_WARN_UNINITIALIZED_AUTOS = YES_AGGRESSIVE;
				GCC_WARN_UNUSED_FUNCTION = YES;
				GCC_WARN_UNUSED_VARIABLE = YES;
				IPHONEOS_DEPLOYMENT_TARGET = 9.0;
				MTL_ENABLE_DEBUG_INFO = YES;
				ONLY_ACTIVE_ARCH = YES;
				SDKROOT = iphoneos;
				SWIFT_ACTIVE_COMPILATION_CONDITIONS = DEBUG;
				SWIFT_OPTIMIZATION_LEVEL = "-Onone";
			};
			name = Debug;
		};
		3CB01C5E1E2472BE00EE22F6 /* Release */ = {
			isa = XCBuildConfiguration;
			buildSettings = {
				ALWAYS_SEARCH_USER_PATHS = NO;
				CLANG_ANALYZER_LOCALIZABILITY_NONLOCALIZED = YES;
				CLANG_ANALYZER_NONNULL = YES;
				CLANG_CXX_LANGUAGE_STANDARD = "gnu++0x";
				CLANG_CXX_LIBRARY = "libc++";
				CLANG_ENABLE_MODULES = YES;
				CLANG_ENABLE_OBJC_ARC = YES;
				CLANG_WARN_BOOL_CONVERSION = YES;
				CLANG_WARN_CONSTANT_CONVERSION = YES;
				CLANG_WARN_DIRECT_OBJC_ISA_USAGE = YES_ERROR;
				CLANG_WARN_DOCUMENTATION_COMMENTS = YES;
				CLANG_WARN_EMPTY_BODY = YES;
				CLANG_WARN_ENUM_CONVERSION = YES;
				CLANG_WARN_INFINITE_RECURSION = YES;
				CLANG_WARN_INT_CONVERSION = YES;
				CLANG_WARN_OBJC_ROOT_CLASS = YES_ERROR;
				CLANG_WARN_SUSPICIOUS_MOVE = YES;
				CLANG_WARN_SUSPICIOUS_MOVES = YES;
				CLANG_WARN_UNREACHABLE_CODE = YES;
				CLANG_WARN__DUPLICATE_METHOD_MATCH = YES;
				"CODE_SIGN_IDENTITY[sdk=iphoneos*]" = "iPhone Developer";
				COPY_PHASE_STRIP = NO;
				DEBUG_INFORMATION_FORMAT = "dwarf-with-dsym";
				ENABLE_NS_ASSERTIONS = NO;
				ENABLE_STRICT_OBJC_MSGSEND = YES;
				GCC_C_LANGUAGE_STANDARD = gnu99;
				GCC_NO_COMMON_BLOCKS = YES;
				GCC_WARN_64_TO_32_BIT_CONVERSION = YES;
				GCC_WARN_ABOUT_RETURN_TYPE = YES_ERROR;
				GCC_WARN_UNDECLARED_SELECTOR = YES;
				GCC_WARN_UNINITIALIZED_AUTOS = YES_AGGRESSIVE;
				GCC_WARN_UNUSED_FUNCTION = YES;
				GCC_WARN_UNUSED_VARIABLE = YES;
				IPHONEOS_DEPLOYMENT_TARGET = 9.0;
				MTL_ENABLE_DEBUG_INFO = NO;
				SDKROOT = iphoneos;
				SWIFT_OPTIMIZATION_LEVEL = "-Owholemodule";
				VALIDATE_PRODUCT = YES;
			};
			name = Release;
		};
		3CB01C601E2472BE00EE22F6 /* Debug */ = {
			isa = XCBuildConfiguration;
			baseConfigurationReference = B8388E93E779F4F93DF81594 /* Pods-AnnieParts.debug.xcconfig */;
			buildSettings = {
				ALWAYS_EMBED_SWIFT_STANDARD_LIBRARIES = YES;
				ASSETCATALOG_COMPILER_APPICON_NAME = AppIcon;
				DEVELOPMENT_TEAM = CQD8Z7UVJ4;
				INFOPLIST_FILE = AnnieParts/Info.plist;
				LD_RUNPATH_SEARCH_PATHS = "$(inherited) @executable_path/Frameworks";
				PRODUCT_BUNDLE_IDENTIFIER = com.boyang.AnnieParts;
				PRODUCT_NAME = "$(TARGET_NAME)";
				SWIFT_VERSION = 3.0;
			};
			name = Debug;
		};
		3CB01C611E2472BE00EE22F6 /* Release */ = {
			isa = XCBuildConfiguration;
			baseConfigurationReference = 157CCDD56086A09E4F732AB6 /* Pods-AnnieParts.release.xcconfig */;
			buildSettings = {
				ALWAYS_EMBED_SWIFT_STANDARD_LIBRARIES = YES;
				ASSETCATALOG_COMPILER_APPICON_NAME = AppIcon;
				DEVELOPMENT_TEAM = CQD8Z7UVJ4;
				INFOPLIST_FILE = AnnieParts/Info.plist;
				LD_RUNPATH_SEARCH_PATHS = "$(inherited) @executable_path/Frameworks";
				PRODUCT_BUNDLE_IDENTIFIER = com.boyang.AnnieParts;
				PRODUCT_NAME = "$(TARGET_NAME)";
				SWIFT_VERSION = 3.0;
			};
			name = Release;
		};
		3CB01C631E2472BE00EE22F6 /* Debug */ = {
			isa = XCBuildConfiguration;
			buildSettings = {
				ALWAYS_EMBED_SWIFT_STANDARD_LIBRARIES = YES;
				BUNDLE_LOADER = "$(TEST_HOST)";
				DEVELOPMENT_TEAM = QBURSC393N;
				INFOPLIST_FILE = AnniePartsTests/Info.plist;
				LD_RUNPATH_SEARCH_PATHS = "$(inherited) @executable_path/Frameworks @loader_path/Frameworks";
				PRODUCT_BUNDLE_IDENTIFIER = com.boyang.AnniePartsTests;
				PRODUCT_NAME = "$(TARGET_NAME)";
				SWIFT_VERSION = 3.0;
				TEST_HOST = "$(BUILT_PRODUCTS_DIR)/AnnieParts.app/AnnieParts";
			};
			name = Debug;
		};
		3CB01C641E2472BE00EE22F6 /* Release */ = {
			isa = XCBuildConfiguration;
			buildSettings = {
				ALWAYS_EMBED_SWIFT_STANDARD_LIBRARIES = YES;
				BUNDLE_LOADER = "$(TEST_HOST)";
				DEVELOPMENT_TEAM = QBURSC393N;
				INFOPLIST_FILE = AnniePartsTests/Info.plist;
				LD_RUNPATH_SEARCH_PATHS = "$(inherited) @executable_path/Frameworks @loader_path/Frameworks";
				PRODUCT_BUNDLE_IDENTIFIER = com.boyang.AnniePartsTests;
				PRODUCT_NAME = "$(TARGET_NAME)";
				SWIFT_VERSION = 3.0;
				TEST_HOST = "$(BUILT_PRODUCTS_DIR)/AnnieParts.app/AnnieParts";
			};
			name = Release;
		};
		3CB01C661E2472BE00EE22F6 /* Debug */ = {
			isa = XCBuildConfiguration;
			buildSettings = {
				ALWAYS_EMBED_SWIFT_STANDARD_LIBRARIES = YES;
				DEVELOPMENT_TEAM = QBURSC393N;
				INFOPLIST_FILE = AnniePartsUITests/Info.plist;
				LD_RUNPATH_SEARCH_PATHS = "$(inherited) @executable_path/Frameworks @loader_path/Frameworks";
				PRODUCT_BUNDLE_IDENTIFIER = com.boyang.AnniePartsUITests;
				PRODUCT_NAME = "$(TARGET_NAME)";
				SWIFT_VERSION = 3.0;
				TEST_TARGET_NAME = AnnieParts;
			};
			name = Debug;
		};
		3CB01C671E2472BE00EE22F6 /* Release */ = {
			isa = XCBuildConfiguration;
			buildSettings = {
				ALWAYS_EMBED_SWIFT_STANDARD_LIBRARIES = YES;
				DEVELOPMENT_TEAM = QBURSC393N;
				INFOPLIST_FILE = AnniePartsUITests/Info.plist;
				LD_RUNPATH_SEARCH_PATHS = "$(inherited) @executable_path/Frameworks @loader_path/Frameworks";
				PRODUCT_BUNDLE_IDENTIFIER = com.boyang.AnniePartsUITests;
				PRODUCT_NAME = "$(TARGET_NAME)";
				SWIFT_VERSION = 3.0;
				TEST_TARGET_NAME = AnnieParts;
			};
			name = Release;
		};
/* End XCBuildConfiguration section */

/* Begin XCConfigurationList section */
		3CB01C321E2472BE00EE22F6 /* Build configuration list for PBXProject "AnnieParts" */ = {
			isa = XCConfigurationList;
			buildConfigurations = (
				3CB01C5D1E2472BE00EE22F6 /* Debug */,
				3CB01C5E1E2472BE00EE22F6 /* Release */,
			);
			defaultConfigurationIsVisible = 0;
			defaultConfigurationName = Release;
		};
		3CB01C5F1E2472BE00EE22F6 /* Build configuration list for PBXNativeTarget "AnnieParts" */ = {
			isa = XCConfigurationList;
			buildConfigurations = (
				3CB01C601E2472BE00EE22F6 /* Debug */,
				3CB01C611E2472BE00EE22F6 /* Release */,
			);
			defaultConfigurationIsVisible = 0;
			defaultConfigurationName = Release;
		};
		3CB01C621E2472BE00EE22F6 /* Build configuration list for PBXNativeTarget "AnniePartsTests" */ = {
			isa = XCConfigurationList;
			buildConfigurations = (
				3CB01C631E2472BE00EE22F6 /* Debug */,
				3CB01C641E2472BE00EE22F6 /* Release */,
			);
			defaultConfigurationIsVisible = 0;
			defaultConfigurationName = Release;
		};
		3CB01C651E2472BE00EE22F6 /* Build configuration list for PBXNativeTarget "AnniePartsUITests" */ = {
			isa = XCConfigurationList;
			buildConfigurations = (
				3CB01C661E2472BE00EE22F6 /* Debug */,
				3CB01C671E2472BE00EE22F6 /* Release */,
			);
			defaultConfigurationIsVisible = 0;
			defaultConfigurationName = Release;
		};
/* End XCConfigurationList section */
	};
	rootObject = 3CB01C2F1E2472BE00EE22F6 /* Project object */;
}
